
Microsoft Visual Studio Solution File, Format Version 12.00
# Visual Studio Version 16
VisualStudioVersion = 16.0.29728.190
MinimumVisualStudioVersion = 10.0.40219.1
Project("{888888A0-9F3D-457C-B088-3A5042F75D52}") = "List", "List\List.pyproj", "{6C54D759-C5CC-4C77-BBD5-A3926C5BB55A}"
EndProject
Project("{888888A0-9F3D-457C-B088-3A5042F75D52}") = "File", "File\File.pyproj", "{103ED99B-8379-4EFA-B052-E07683A7CDEB}"
EndProject
Global
	GlobalSection(SolutionConfigurationPlatforms) = preSolution
		Debug|Any CPU = Debug|Any CPU
		Release|Any CPU = Release|Any CPU
	EndGlobalSection
	GlobalSection(ProjectConfigurationPlatforms) = postSolution
		{6C54D759-C5CC-4C77-BBD5-A3926C5BB55A}.Debug|Any CPU.ActiveCfg = Debug|Any CPU
		{6C54D759-C5CC-4C77-BBD5-A3926C5BB55A}.Release|Any CPU.ActiveCfg = Release|Any CPU
		{103ED99B-8379-4EFA-B052-E07683A7CDEB}.Debug|Any CPU.ActiveCfg = Debug|Any CPU
		{103ED99B-8379-4EFA-B052-E07683A7CDEB}.Release|Any CPU.ActiveCfg = Release|Any CPU
	EndGlobalSection
	GlobalSection(SolutionProperties) = preSolution
		HideSolutionNode = FALSE
	EndGlobalSection
	GlobalSection(ExtensibilityGlobals) = postSolution
		SolutionGuid = {12A55024-8296-43CB-8432-43951CFFCB0A}
	EndGlobalSection
EndGlobal
